Microsoft Visual Studio Solution File, Format Version 12.00
# Visual Studio Version 17
VisualStudioVersion = 17.1.32104.313
MinimumVisualStudioVersion = 10.0.40219.1
Project("{9A19103F-16F7-4668-BE54-9A1E7A4F7556}") = "XAMLTest", "XAMLTest\XAMLTest.csproj", "{B4E881C8-2384-4515-8124-5D06949E754F}"
EndProject
Project("{2150E333-8FDC-42A3-9474-1A3956D46DE8}") = "Solution Items", "Solution Items", "{0A942BB1-02B4-4E84-AA48-D87BC727E18D}"
	ProjectSection(SolutionItems) = preProject
		.editorconfig = .editorconfig
		Directory.Build.props = Directory.Build.props
		Directory.Build.targets = Directory.Build.targets
		.github\workflows\dotnet-core.yml = .github\workflows\dotnet-core.yml
		global.json = global.json
		README.md = README.md
	EndProjectSection
EndProject
Project("{9A19103F-16F7-4668-BE54-9A1E7A4F7556}") = "XAMLTest.Tests", "XAMLTest.Tests\XAMLTest.Tests.csproj", "{910AD9D6-3683-47EC-8831-5FE63D235E60}"
EndProject
Project("{9A19103F-16F7-4668-BE54-9A1E7A4F7556}") = "XAMLTest.TestApp", "XAMLTest.TestApp\XAMLTest.TestApp.csproj", "{FA295C70-BF89-4727-8B39-AA1F2CB8E5DE}"
EndProject
Project("{9A19103F-16F7-4668-BE54-9A1E7A4F7556}") = "XAMLTest.Generator", "XAMLTest.Generator\XAMLTest.Generator.csproj", "{CBBE847F-498F-4E17-A437-9B02E6DB7398}"
EndProject
Project("{9A19103F-16F7-4668-BE54-9A1E7A4F7556}") = "XAMLTest.UnitTestGenerator", "XAMLTest.UnitTestGenerator\XAMLTest.UnitTestGenerator.csproj", "{B320FF6B-1691-4BFB-821E-2DD89817AD98}"
EndProject
Global
	GlobalSection(SolutionConfigurationPlatforms) = preSolution
		Debug|Any CPU = Debug|Any CPU
		Release|Any CPU = Release|Any CPU
	EndGlobalSection
	GlobalSection(ProjectConfigurationPlatforms) = postSolution
		{B4E881C8-2384-4515-8124-5D06949E754F}.Debug|Any CPU.ActiveCfg = Debug|Any CPU
		{B4E881C8-2384-4515-8124-5D06949E754F}.Debug|Any CPU.Build.0 = Debug|Any CPU
		{B4E881C8-2384-4515-8124-5D06949E754F}.Release|Any CPU.ActiveCfg = Release|Any CPU
		{B4E881C8-2384-4515-8124-5D06949E754F}.Release|Any CPU.Build.0 = Release|Any CPU
		{910AD9D6-3683-47EC-8831-5FE63D235E60}.Debug|Any CPU.ActiveCfg = Debug|Any CPU
		{910AD9D6-3683-47EC-8831-5FE63D235E60}.Debug|Any CPU.Build.0 = Debug|Any CPU
		{910AD9D6-3683-47EC-8831-5FE63D235E60}.Release|Any CPU.ActiveCfg = Release|Any CPU
		{910AD9D6-3683-47EC-8831-5FE63D235E60}.Release|Any CPU.Build.0 = Release|Any CPU
		{FA295C70-BF89-4727-8B39-AA1F2CB8E5DE}.Debug|Any CPU.ActiveCfg = Debug|Any CPU
		{FA295C70-BF89-4727-8B39-AA1F2CB8E5DE}.Debug|Any CPU.Build.0 = Debug|Any CPU
		{FA295C70-BF89-4727-8B39-AA1F2CB8E5DE}.Release|Any CPU.ActiveCfg = Release|Any CPU
		{FA295C70-BF89-4727-8B39-AA1F2CB8E5DE}.Release|Any CPU.Build.0 = Release|Any CPU
		{CBBE847F-498F-4E17-A437-9B02E6DB7398}.Debug|Any CPU.ActiveCfg = Debug|Any CPU
		{CBBE847F-498F-4E17-A437-9B02E6DB7398}.Debug|Any CPU.Build.0 = Debug|Any CPU
		{CBBE847F-498F-4E17-A437-9B02E6DB7398}.Release|Any CPU.ActiveCfg = Release|Any CPU
		{CBBE847F-498F-4E17-A437-9B02E6DB7398}.Release|Any CPU.Build.0 = Release|Any CPU
		{B320FF6B-1691-4BFB-821E-2DD89817AD98}.Debug|Any CPU.ActiveCfg = Debug|Any CPU
		{B320FF6B-1691-4BFB-821E-2DD89817AD98}.Debug|Any CPU.Build.0 = Debug|Any CPU
		{B320FF6B-1691-4BFB-821E-2DD89817AD98}.Release|Any CPU.ActiveCfg = Release|Any CPU
		{B320FF6B-1691-4BFB-821E-2DD89817AD98}.Release|Any CPU.Build.0 = Release|Any CPU
	EndGlobalSection
	GlobalSection(SolutionProperties) = preSolution
		HideSolutionNode = FALSE
	EndGlobalSection
	GlobalSection(ExtensibilityGlobals) = postSolution
		SolutionGuid = {91636EEB-81BE-4223-B0D5-A5E2C983890A}
	EndGlobalSection
EndGlobal
